
Microsoft Visual Studio Solution File, Format Version 12.00
# Visual Studio Version 17
VisualStudioVersion = 17.10.34928.147
MinimumVisualStudioVersion = 10.0.40219.1
Project("{8BC9CEB8-8B4A-11D0-8D11-00A0C91BC942}") = "BOJ_28490", "BOJ_28490.vcxproj", "{661D8386-DE4E-4005-90F5-0914A6DE7D44}"
EndProject
Global
	GlobalSection(SolutionConfigurationPlatforms) = preSolution
		Debug|x64 = Debug|x64
		Release|x64 = Release|x64
	EndGlobalSection
	GlobalSection(ProjectConfigurationPlatforms) = postSolution
		{661D8386-DE4E-4005-90F5-0914A6DE7D44}.Debug|x64.ActiveCfg = Debug|x64
		{661D8386-DE4E-4005-90F5-0914A6DE7D44}.Debug|x64.Build.0 = Debug|x64
		{661D8386-DE4E-4005-90F5-0914A6DE7D44}.Release|x64.ActiveCfg = Release|x64
		{661D8386-DE4E-4005-90F5-0914A6DE7D44}.Release|x64.Build.0 = Release|x64
	EndGlobalSection
	GlobalSection(SolutionProperties) = preSolution
		HideSolutionNode = FALSE
	EndGlobalSection
	GlobalSection(ExtensibilityGlobals) = postSolution
		SolutionGuid = {2BAAD9E3-D07F-4084-B064-6BE3749105CB}
	EndGlobalSection
EndGlobal
